
Microsoft Visual Studio Solution File, Format Version 12.00
# Visual Studio Version 17
VisualStudioVersion = 17.9.34319.32
MinimumVisualStudioVersion = 10.0.40219.1
Project("{FAE04EC0-301F-11D3-BF4B-00C04F79EFBC}") = "WebApplication361", "WebApplication361\WebApplication361.csproj", "{29ABDC93-42C2-4ABB-B1B3-3C5ABDA75A4D}"
EndProject
Global
	GlobalSection(SolutionConfigurationPlatforms) = preSolution
		Debug|Any CPU = Debug|Any CPU
		Release|Any CPU = Release|Any CPU
	EndGlobalSection
	GlobalSection(ProjectConfigurationPlatforms) = postSolution
		{29ABDC93-42C2-4ABB-B1B3-3C5ABDA75A4D}.Debug|Any CPU.ActiveCfg = Debug|Any CPU
		{29ABDC93-42C2-4ABB-B1B3-3C5ABDA75A4D}.Debug|Any CPU.Build.0 = Debug|Any CPU
		{29ABDC93-42C2-4ABB-B1B3-3C5ABDA75A4D}.Release|Any CPU.ActiveCfg = Release|Any CPU
		{29ABDC93-42C2-4ABB-B1B3-3C5ABDA75A4D}.Release|Any CPU.Build.0 = Release|Any CPU
	EndGlobalSection
	GlobalSection(SolutionProperties) = preSolution
		HideSolutionNode = FALSE
	EndGlobalSection
	GlobalSection(ExtensibilityGlobals) = postSolution
		SolutionGuid = {7FBE5925-44F4-4598-B3D8-6CC0385DE99E}
	EndGlobalSection
EndGlobal
